
Microsoft Visual Studio Solution File, Format Version 12.00
# Visual Studio 15
VisualStudioVersion = 15.0.28307.102
MinimumVisualStudioVersion = 10.0.40219.1
Project("{FAE04EC0-301F-11D3-BF4B-00C04F79EFBC}") = "WebApplication1", "WebApplication1\WebApplication1.csproj", "{A85BDFFA-28B8-4974-95D3-A63672E99C2A}"
EndProject
Global
	GlobalSection(SolutionConfigurationPlatforms) = preSolution
		Debug|Any CPU = Debug|Any CPU
		Release|Any CPU = Release|Any CPU
	EndGlobalSection
	GlobalSection(ProjectConfigurationPlatforms) = postSolution
		{A85BDFFA-28B8-4974-95D3-A63672E99C2A}.Debug|Any CPU.ActiveCfg = Debug|Any CPU
		{A85BDFFA-28B8-4974-95D3-A63672E99C2A}.Debug|Any CPU.Build.0 = Debug|Any CPU
		{A85BDFFA-28B8-4974-95D3-A63672E99C2A}.Release|Any CPU.ActiveCfg = Release|Any CPU
		{A85BDFFA-28B8-4974-95D3-A63672E99C2A}.Release|Any CPU.Build.0 = Release|Any CPU
	EndGlobalSection
	GlobalSection(SolutionProperties) = preSolution
		HideSolutionNode = FALSE
	EndGlobalSection
	GlobalSection(ExtensibilityGlobals) = postSolution
		SolutionGuid = {4904CF2F-EC80-433A-AFE2-698385EBDC7F}
	EndGlobalSection
EndGlobal
